
Microsoft Visual Studio Solution File, Format Version 12.00
# Visual Studio Version 16
VisualStudioVersion = 16.0.31402.337
MinimumVisualStudioVersion = 10.0.40219.1
Project("{FAE04EC0-301F-11D3-BF4B-00C04F79EFBC}") = "June2021Test", "June2021Test\June2021Test.csproj", "{7D33FDAA-57A2-47C2-8CEF-05D25D26ECC2}"
EndProject
Global
	GlobalSection(SolutionConfigurationPlatforms) = preSolution
		Debug|Any CPU = Debug|Any CPU
		Release|Any CPU = Release|Any CPU
	EndGlobalSection
	GlobalSection(ProjectConfigurationPlatforms) = postSolution
		{7D33FDAA-57A2-47C2-8CEF-05D25D26ECC2}.Debug|Any CPU.ActiveCfg = Debug|Any CPU
		{7D33FDAA-57A2-47C2-8CEF-05D25D26ECC2}.Debug|Any CPU.Build.0 = Debug|Any CPU
		{7D33FDAA-57A2-47C2-8CEF-05D25D26ECC2}.Release|Any CPU.ActiveCfg = Release|Any CPU
		{7D33FDAA-57A2-47C2-8CEF-05D25D26ECC2}.Release|Any CPU.Build.0 = Release|Any CPU
	EndGlobalSection
	GlobalSection(SolutionProperties) = preSolution
		HideSolutionNode = FALSE
	EndGlobalSection
	GlobalSection(ExtensibilityGlobals) = postSolution
		SolutionGuid = {3946CD9E-6CE7-4C36-990A-A501920303FB}
	EndGlobalSection
EndGlobal
